<?xml version="1.0" encoding="UTF-8"?>
<CONFIG>
  <ProjectOptions>
    <Version Value="9"/>
    <PathDelim Value="\"/>
    <General>
      <SessionStorage Value="InProjectDir"/>
      <MainUnit Value="0"/>
      <Title Value="coedit"/>
      <ResourceType Value="res"/>
      <UseXPManifest Value="True"/>
      <XPManifest>
        <DpiAware Value="True"/>
      </XPManifest>
      <Icon Value="0"/>
      <Resources Count="102">
        <Resource_0 FileName="../icons/window/layout_add.png" Type="RCDATA" ResourceName="LAYOUT_ADD"/>
        <Resource_1 FileName="../icons/window/layout.png" Type="RCDATA" ResourceName="LAYOUT"/>
        <Resource_2 FileName="../icons/window/application_go.png" Type="RCDATA" ResourceName="APPLICATION_GO"/>
        <Resource_3 FileName="../icons/window/application_flash.png" Type="RCDATA" ResourceName="APPLICATION_FLASH"/>
        <Resource_4 FileName="../icons/window/application_edit.png" Type="RCDATA" ResourceName="APPLICATION_EDIT"/>
        <Resource_5 FileName="../icons/window/application_double.png" Type="RCDATA" ResourceName="APPLICATION_DOUBLE"/>
        <Resource_6 FileName="../icons/window/application_delete.png" Type="RCDATA" ResourceName="APPLICATION_DELETE"/>
        <Resource_7 FileName="../icons/window/application_add.png" Type="RCDATA" ResourceName="APPLICATION_ADD"/>
        <Resource_8 FileName="../icons/window/application.png" Type="RCDATA" ResourceName="APPLICATION"/>
        <Resource_9 FileName="../icons/other/tree_list.png" Type="RCDATA" ResourceName="TREE_LIST"/>
        <Resource_10 FileName="../icons/other/textfield_delete.png" Type="RCDATA" ResourceName="TEXTFIELD_DELETE"/>
        <Resource_11 FileName="../icons/other/textfield_add.png" Type="RCDATA" ResourceName="TEXTFIELD_ADD"/>
        <Resource_12 FileName="../icons/other/splitter.png" Type="RCDATA" ResourceName="SPLITTER"/>
        <Resource_13 FileName="../icons/other/script_bricks.png" Type="RCDATA" ResourceName="SCRIPT_BRICKS"/>
        <Resource_14 FileName="../icons/other/pencil_go.png" Type="RCDATA" ResourceName="PENCIL_GO"/>
        <Resource_15 FileName="../icons/other/pencil_delete.png" Type="RCDATA" ResourceName="PENCIL_DELETE"/>
        <Resource_16 FileName="../icons/other/pencil.png" Type="RCDATA" ResourceName="PENCIL"/>
        <Resource_17 FileName="../icons/other/paste.png" Type="RCDATA" ResourceName="PASTE"/>
        <Resource_18 FileName="../icons/other/package_delete.png" Type="RCDATA" ResourceName="PACKAGE_DELETE"/>
        <Resource_19 FileName="../icons/other/package_add.png" Type="RCDATA" ResourceName="PACKAGE_ADD"/>
        <Resource_20 FileName="../icons/other/keyboard_pencil.png" Type="RCDATA" ResourceName="KEYBOARD_PENCIL"/>
        <Resource_21 FileName="../icons/other/information.png" Type="RCDATA" ResourceName="INFORMATION"/>
        <Resource_22 FileName="../icons/other/flash.png" Type="RCDATA" ResourceName="FLASH"/>
        <Resource_23 FileName="../icons/other/dub_small.png" Type="RCDATA" ResourceName="DUB_SMALL"/>
        <Resource_24 FileName="../icons/other/dub.png" Type="RCDATA" ResourceName="DUB"/>
        <Resource_25 FileName="../icons/other/cut.png" Type="RCDATA" ResourceName="CUT"/>
        <Resource_26 FileName="../icons/other/copy.png" Type="RCDATA" ResourceName="COPY"/>
        <Resource_27 FileName="../icons/other/clean.png" Type="RCDATA" ResourceName="CLEAN"/>
        <Resource_28 FileName="../icons/other/cancel.png" Type="RCDATA" ResourceName="CANCEL"/>
        <Resource_29 FileName="../icons/other/bricks.png" Type="RCDATA" ResourceName="BRICKS"/>
        <Resource_30 FileName="../icons/other/accept.png" Type="RCDATA" ResourceName="ACCEPT"/>
        <Resource_31 FileName="../icons/link/link_edit.png" Type="RCDATA" ResourceName="LINK_EDIT"/>
        <Resource_32 FileName="../icons/link/link_break.png" Type="RCDATA" ResourceName="LINK_BREAK"/>
        <Resource_33 FileName="../icons/link/link.png" Type="RCDATA" ResourceName="LINK"/>
        <Resource_34 FileName="../icons/folder/folder_star.png" Type="RCDATA" ResourceName="FOLDER_STAR"/>
        <Resource_35 FileName="../icons/folder/folder_go.png" Type="RCDATA" ResourceName="FOLDER_GO"/>
        <Resource_36 FileName="../icons/folder/folder_delete.png" Type="RCDATA" ResourceName="FOLDER_DELETE"/>
        <Resource_37 FileName="../icons/folder/folder_brick.png" Type="RCDATA" ResourceName="FOLDER_BRICK"/>
        <Resource_38 FileName="../icons/folder/folder_add.png" Type="RCDATA" ResourceName="FOLDER_ADD"/>
        <Resource_39 FileName="../icons/folder/folder.png" Type="RCDATA" ResourceName="FOLDER"/>
        <Resource_40 FileName="../icons/file/script_gear.png" Type="RCDATA" ResourceName="SCRIPT_GEAR"/>
        <Resource_41 FileName="../icons/file/document_plus.png" Type="RCDATA" ResourceName="DOCUMENT_PLUS"/>
        <Resource_42 FileName="../icons/file/document_next.png" Type="RCDATA" ResourceName="DOCUMENT_NEXT"/>
        <Resource_43 FileName="../icons/file/document_delete.png" Type="RCDATA" ResourceName="DOCUMENT_DELETE"/>
        <Resource_44 FileName="../icons/file/document_back.png" Type="RCDATA" ResourceName="DOCUMENT_BACK"/>
        <Resource_45 FileName="../icons/file/document_all.png" Type="RCDATA" ResourceName="DOCUMENT_ALL"/>
        <Resource_46 FileName="../icons/file/document_add.png" Type="RCDATA" ResourceName="DOCUMENT_ADD"/>
        <Resource_47 FileName="../icons/file/document.png" Type="RCDATA" ResourceName="DOCUMENT"/>
        <Resource_48 FileName="../icons/disk/disk_pen.png" Type="RCDATA" ResourceName="DISK_PEN"/>
        <Resource_49 FileName="../icons/disk/disk_multiple.png" Type="RCDATA" ResourceName="DISK_MULTIPLE"/>
        <Resource_50 FileName="../icons/disk/disk.png" Type="RCDATA" ResourceName="DISK"/>
        <Resource_51 FileName="../icons/cog/wrench_orange.png" Type="RCDATA" ResourceName="WRENCH_ORANGE"/>
        <Resource_52 FileName="../icons/cog/wrench.png" Type="RCDATA" ResourceName="WRENCH"/>
        <Resource_53 FileName="../icons/cog/cog_go.png" Type="RCDATA" ResourceName="COG_GO"/>
        <Resource_54 FileName="../icons/cog/cog_edit.png" Type="RCDATA" ResourceName="COG_EDIT"/>
        <Resource_55 FileName="../icons/cog/cog_delete.png" Type="RCDATA" ResourceName="COG_DELETE"/>
        <Resource_56 FileName="../icons/cog/cog_add.png" Type="RCDATA" ResourceName="COG_ADD"/>
        <Resource_57 FileName="../icons/cog/cog.png" Type="RCDATA" ResourceName="COG"/>
        <Resource_58 FileName="../icons/bullet/bullet_yellow.png" Type="RCDATA" ResourceName="BULLET_YELLOW"/>
        <Resource_59 FileName="../icons/bullet/bullet_star.png" Type="RCDATA" ResourceName="BULLET_STAR"/>
        <Resource_60 FileName="../icons/bullet/bullet_red.png" Type="RCDATA" ResourceName="BULLET_RED"/>
        <Resource_61 FileName="../icons/bullet/bullet_purple.png" Type="RCDATA" ResourceName="BULLET_PURPLE"/>
        <Resource_62 FileName="../icons/bullet/bullet_pink.png" Type="RCDATA" ResourceName="BULLET_PINK"/>
        <Resource_63 FileName="../icons/bullet/bullet_orange.png" Type="RCDATA" ResourceName="BULLET_ORANGE"/>
        <Resource_64 FileName="../icons/bullet/bullet_green.png" Type="RCDATA" ResourceName="BULLET_GREEN"/>
        <Resource_65 FileName="../icons/bullet/bullet_blue.png" Type="RCDATA" ResourceName="BULLET_BLUE"/>
        <Resource_66 FileName="../icons/bullet/bullet_black.png" Type="RCDATA" ResourceName="BULLET_BLACK"/>
        <Resource_67 FileName="../icons/book/book_open.png" Type="RCDATA" ResourceName="BOOK_OPEN"/>
        <Resource_68 FileName="../icons/book/book_link.png" Type="RCDATA" ResourceName="BOOK_LINK"/>
        <Resource_69 FileName="../icons/book/book_grey.png" Type="RCDATA" ResourceName="BOOK_GREY"/>
        <Resource_70 FileName="../icons/book/book_edit.png" Type="RCDATA" ResourceName="BOOK_EDIT"/>
        <Resource_71 FileName="../icons/book/book_delete.png" Type="RCDATA" ResourceName="BOOK_DELETE"/>
        <Resource_72 FileName="../icons/book/book_add.png" Type="RCDATA" ResourceName="BOOK_ADD"/>
        <Resource_73 FileName="../icons/book/book.png" Type="RCDATA" ResourceName="BOOK"/>
        <Resource_74 FileName="../icons/arrow/go_previous.png" Type="RCDATA" ResourceName="GO_PREVIOUS"/>
        <Resource_75 FileName="../icons/arrow/go_next.png" Type="RCDATA" ResourceName="GO_NEXT"/>
        <Resource_76 FileName="../icons/arrow/arrow_update.png" Type="RCDATA" ResourceName="ARROW_UPDATE"/>
        <Resource_77 FileName="../icons/arrow/arrow_up.png" Type="RCDATA" ResourceName="ARROW_UP"/>
        <Resource_78 FileName="../icons/arrow/arrow_undo.png" Type="RCDATA" ResourceName="ARROW_UNDO"/>
        <Resource_79 FileName="../icons/arrow/arrow_shoe.png" Type="RCDATA" ResourceName="ARROW_SHOE"/>
        <Resource_80 FileName="../icons/arrow/arrow_redo.png" Type="RCDATA" ResourceName="ARROW_REDO"/>
        <Resource_81 FileName="../icons/arrow/arrow_pen.png" Type="RCDATA" ResourceName="ARROW_PEN"/>
        <Resource_82 FileName="../icons/arrow/arrow_down.png" Type="RCDATA" ResourceName="ARROW_DOWN"/>
        <Resource_83 FileName="../icons/other/case.png" Type="RCDATA" ResourceName="CASE"/>
        <Resource_84 FileName="../icons/other/tag_purple.png" Type="RCDATA" ResourceName="TAG_PURPLE"/>
        <Resource_85 FileName="../cesetup/version.txt" Type="RCDATA" ResourceName="VERSION"/>
        <Resource_86 FileName="../icons/other/sort_az.png" Type="RCDATA" ResourceName="SORT_AZ"/>
        <Resource_87 FileName="../icons/arrow/arrow_divide.png" Type="RCDATA" ResourceName="ARROW_DIVIDE"/>
        <Resource_88 FileName="../icons/arrow/arrow_join.png" Type="RCDATA" ResourceName="ARROW_JOIN"/>
        <Resource_89 FileName="../icons/other/processor.png" Type="RCDATA" ResourceName="PROCESSOR"/>
        <Resource_90 FileName="../icons/other/list.png" Type="RCDATA" ResourceName="LIST"/>
        <Resource_91 FileName="../icons/other/pause.png" Type="RCDATA" ResourceName="PAUSE"/>
        <Resource_92 FileName="../icons/other/play.png" Type="RCDATA" ResourceName="PLAY"/>
        <Resource_93 FileName="../icons/other/power.png" Type="RCDATA" ResourceName="POWER"/>
        <Resource_94 FileName="../icons/other/stop.png" Type="RCDATA" ResourceName="STOP"/>
        <Resource_95 FileName="../icons/other/breaks.png" Type="RCDATA" ResourceName="BREAKS"/>
        <Resource_96 FileName="../icons/other/step.png" Type="RCDATA" ResourceName="STEP"/>
        <Resource_97 FileName="../icons/arrow/go_down.png" Type="RCDATA" ResourceName="GO_DOWN"/>
        <Resource_98 FileName="../icons/arrow/go_jump.png" Type="RCDATA" ResourceName="GO_JUMP"/>
        <Resource_99 FileName="../icons/window/watch_window.png" Type="RCDATA" ResourceName="WATCH_WINDOW"/>
        <Resource_100 FileName="../icons/other/camera_go.png" Type="RCDATA" ResourceName="CAMERA_GO"/>
        <Resource_101 FileName="../icons/other/camera_add.png" Type="RCDATA" ResourceName="CAMERA_ADD"/>
      </Resources>
    </General>
    <i18n>
      <EnableI18N LFM="False"/>
    </i18n>
    <VersionInfo>
      <StringTable ProductVersion=""/>
    </VersionInfo>
    <BuildModes Count="3">
      <Item1 Name="Release" Default="True"/>
      <Item2 Name="Debug">
        <CompilerOptions>
          <Version Value="11"/>
          <PathDelim Value="\"/>
          <Target>
            <Filename Value="..\bin\coedit"/>
          </Target>
          <SearchPaths>
            <IncludeFiles Value="$(ProjOutDir)"/>
            <OtherUnitFiles Value="..\src;..\etc\fcl-json\src"/>
            <UnitOutputDirectory Value="lib\$(TargetCPU)-$(TargetOS)"/>
          </SearchPaths>
          <Parsing>
            <SyntaxOptions>
              <IncludeAssertionCode Value="True"/>
              <CPPInline Value="False"/>
            </SyntaxOptions>
          </Parsing>
          <CodeGeneration>
            <Checks>
              <IOChecks Value="True"/>
              <RangeChecks Value="True"/>
              <OverflowChecks Value="True"/>
              <StackChecks Value="True"/>
            </Checks>
            <Optimizations>
              <OptimizationLevel Value="0"/>
            </Optimizations>
          </CodeGeneration>
          <Linking>
            <Debugging>
              <UseHeaptrc Value="True"/>
            </Debugging>
          </Linking>
          <Other>
            <CompilerMessages>
              <IgnoredMessages idx5024="True"/>
            </CompilerMessages>
            <CustomOptions Value="-dDEBUG"/>
          </Other>
        </CompilerOptions>
      </Item2>
      <Item3 Name="LeaksCheck">
        <CompilerOptions>
          <Version Value="11"/>
          <PathDelim Value="\"/>
          <Target>
            <Filename Value="..\bin\coedit"/>
          </Target>
          <SearchPaths>
            <IncludeFiles Value="$(ProjOutDir)"/>
            <OtherUnitFiles Value="..\src;..\etc\fcl-json\src"/>
            <UnitOutputDirectory Value="lib\$(TargetCPU)-$(TargetOS)"/>
          </SearchPaths>
          <Parsing>
            <SyntaxOptions>
              <IncludeAssertionCode Value="True"/>
              <CPPInline Value="False"/>
            </SyntaxOptions>
          </Parsing>
          <CodeGeneration>
            <Checks>
              <IOChecks Value="True"/>
              <RangeChecks Value="True"/>
              <OverflowChecks Value="True"/>
              <StackChecks Value="True"/>
            </Checks>
            <Optimizations>
              <OptimizationLevel Value="0"/>
            </Optimizations>
          </CodeGeneration>
          <Linking>
            <Debugging>
              <UseHeaptrc Value="True"/>
            </Debugging>
            <Options>
              <Win32>
                <GraphicApplication Value="True"/>
              </Win32>
            </Options>
          </Linking>
          <Other>
            <CustomOptions Value="-dDEBUG"/>
          </Other>
        </CompilerOptions>
      </Item3>
    </BuildModes>
    <PublishOptions>
      <Version Value="2"/>
    </PublishOptions>
    <RunParams>
      <local>
        <FormatVersion Value="1"/>
      </local>
    </RunParams>
    <RequiredPackages Count="7">
      <Item1>
        <PackageName Value="cedsgncontrols"/>
      </Item1>
      <Item2>
        <PackageName Value="anchordocking"/>
      </Item2>
      <Item3>
        <PackageName Value="FCL"/>
      </Item3>
      <Item4>
        <PackageName Value="RunTimeTypeInfoControls"/>
      </Item4>
      <Item5>
        <PackageName Value="SynEdit"/>
      </Item5>
      <Item6>
        <PackageName Value="LazControls"/>
      </Item6>
      <Item7>
        <PackageName Value="LCL"/>
      </Item7>
    </RequiredPackages>
    <Units Count="56">
      <Unit0>
        <Filename Value="coedit.lpr"/>
        <IsPartOfProject Value="True"/>
      </Unit0>
      <Unit1>
        <Filename Value="..\src\ce_common.pas"/>
        <IsPartOfProject Value="True"/>
      </Unit1>
      <Unit2>
        <Filename Value="..\src\ce_d2syn.pas"/>
        <IsPartOfProject Value="True"/>
      </Unit2>
      <Unit3>
        <Filename Value="..\src\ce_dcd.pas"/>
        <IsPartOfProject Value="True"/>
      </Unit3>
      <Unit4>
        <Filename Value="..\src\ce_dlang.pas"/>
        <IsPartOfProject Value="True"/>
      </Unit4>
      <Unit5>
        <Filename Value="..\src\ce_dlangutils.pas"/>
        <IsPartOfProject Value="True"/>
      </Unit5>
      <Unit6>
        <Filename Value="..\src\ce_dmdwrap.pas"/>
        <IsPartOfProject Value="True"/>
      </Unit6>
      <Unit7>
        <Filename Value="..\src\ce_dockoptions.pas"/>
        <IsPartOfProject Value="True"/>
      </Unit7>
      <Unit8>
        <Filename Value="..\src\ce_editor.pas"/>
        <IsPartOfProject Value="True"/>
        <ComponentName Value="CEEditorWidget"/>
        <HasResources Value="True"/>
        <ResourceBaseClass Value="Form"/>
      </Unit8>
      <Unit9>
        <Filename Value="..\src\ce_editoroptions.pas"/>
        <IsPartOfProject Value="True"/>
      </Unit9>
      <Unit10>
        <Filename Value="..\src\ce_inspectors.pas"/>
        <IsPartOfProject Value="True"/>
      </Unit10>
      <Unit11>
        <Filename Value="..\src\ce_interfaces.pas"/>
        <IsPartOfProject Value="True"/>
      </Unit11>
      <Unit12>
        <Filename Value="..\src\ce_libman.pas"/>
        <IsPartOfProject Value="True"/>
      </Unit12>
      <Unit13>
        <Filename Value="..\src\ce_libmaneditor.pas"/>
        <IsPartOfProject Value="True"/>
        <ComponentName Value="CELibManEditorWidget"/>
        <HasResources Value="True"/>
        <ResourceBaseClass Value="Form"/>
      </Unit13>
      <Unit14>
        <Filename Value="..\src\ce_main.pas"/>
        <IsPartOfProject Value="True"/>
        <ComponentName Value="CEMainForm"/>
        <HasResources Value="True"/>
        <ResourceBaseClass Value="Form"/>
      </Unit14>
      <Unit15>
        <Filename Value="..\src\ce_messages.pas"/>
        <IsPartOfProject Value="True"/>
        <ComponentName Value="CEMessagesWidget"/>
        <HasResources Value="True"/>
        <ResourceBaseClass Value="Form"/>
      </Unit15>
      <Unit16>
        <Filename Value="..\src\ce_miniexplorer.pas"/>
        <IsPartOfProject Value="True"/>
        <ComponentName Value="CEMiniExplorerWidget"/>
        <HasResources Value="True"/>
        <ResourceBaseClass Value="Form"/>
      </Unit16>
      <Unit17>
        <Filename Value="..\src\ce_mru.pas"/>
        <IsPartOfProject Value="True"/>
      </Unit17>
      <Unit18>
        <Filename Value="..\src\ce_observer.pas"/>
        <IsPartOfProject Value="True"/>
      </Unit18>
      <Unit19>
        <Filename Value="..\src\ce_optionseditor.pas"/>
        <IsPartOfProject Value="True"/>
        <ComponentName Value="CEOptionEditorWidget"/>
        <HasResources Value="True"/>
        <ResourceBaseClass Value="Form"/>
      </Unit19>
      <Unit20>
        <Filename Value="..\src\ce_procinput.pas"/>
        <IsPartOfProject Value="True"/>
        <ComponentName Value="CEProcInputWidget"/>
        <HasResources Value="True"/>
        <ResourceBaseClass Value="Form"/>
      </Unit20>
      <Unit21>
        <Filename Value="..\src\ce_ceprojeditor.pas"/>
        <IsPartOfProject Value="True"/>
        <ComponentName Value="CEProjectConfigurationWidget"/>
        <HasResources Value="True"/>
        <ResourceBaseClass Value="Form"/>
      </Unit21>
      <Unit22>
        <Filename Value="..\src\ce_ceproject.pas"/>
        <IsPartOfProject Value="True"/>
      </Unit22>
      <Unit23>
        <Filename Value="..\src\ce_projinspect.pas"/>
        <IsPartOfProject Value="True"/>
        <ComponentName Value="CEProjectInspectWidget"/>
        <HasResources Value="True"/>
        <ResourceBaseClass Value="Form"/>
      </Unit23>
      <Unit24>
        <Filename Value="..\src\ce_search.pas"/>
        <IsPartOfProject Value="True"/>
        <ComponentName Value="CESearchWidget"/>
        <HasResources Value="True"/>
        <ResourceBaseClass Value="Form"/>
      </Unit24>
      <Unit25>
        <Filename Value="..\src\ce_shortcutseditor.pas"/>
        <IsPartOfProject Value="True"/>
        <ComponentName Value="CEShortcutEditor"/>
        <HasResources Value="True"/>
        <ResourceBaseClass Value="Frame"/>
      </Unit25>
      <Unit26>
        <Filename Value="..\src\ce_staticmacro.pas"/>
        <IsPartOfProject Value="True"/>
      </Unit26>
      <Unit27>
        <Filename Value="..\src\ce_symlist.pas"/>
        <IsPartOfProject Value="True"/>
        <ComponentName Value="CESymbolListWidget"/>
        <HasResources Value="True"/>
        <ResourceBaseClass Value="Form"/>
      </Unit27>
      <Unit28>
        <Filename Value="..\src\ce_symstring.pas"/>
        <IsPartOfProject Value="True"/>
      </Unit28>
      <Unit29>
        <Filename Value="..\src\ce_synmemo.pas"/>
        <IsPartOfProject Value="True"/>
      </Unit29>
      <Unit30>
        <Filename Value="..\src\ce_todolist.pas"/>
        <IsPartOfProject Value="True"/>
        <ComponentName Value="CETodoListWidget"/>
        <HasResources Value="True"/>
        <ResourceBaseClass Value="Form"/>
      </Unit30>
      <Unit31>
        <Filename Value="..\src\ce_tools.pas"/>
        <IsPartOfProject Value="True"/>
      </Unit31>
      <Unit32>
        <Filename Value="..\src\ce_toolseditor.pas"/>
        <IsPartOfProject Value="True"/>
        <ComponentName Value="CEToolsEditorWidget"/>
        <HasResources Value="True"/>
        <ResourceBaseClass Value="Form"/>
      </Unit32>
      <Unit33>
        <Filename Value="..\src\ce_txtsyn.pas"/>
        <IsPartOfProject Value="True"/>
      </Unit33>
      <Unit34>
        <Filename Value="..\src\ce_writablecomponent.pas"/>
        <IsPartOfProject Value="True"/>
        <UnitName Value="ce_writableComponent"/>
      </Unit34>
      <Unit35>
        <Filename Value="..\src\ce_sharedres.pas"/>
        <IsPartOfProject Value="True"/>
      </Unit35>
      <Unit36>
        <Filename Value="..\src\ce_widget.pas"/>
        <IsPartOfProject Value="True"/>
        <ComponentName Value="CEWidget"/>
        <HasResources Value="True"/>
        <ResourceBaseClass Value="Form"/>
      </Unit36>
      <Unit37>
        <Filename Value="..\src\ce_processes.pas"/>
        <IsPartOfProject Value="True"/>
      </Unit37>
      <Unit38>
        <Filename Value="..\src\ce_infos.pas"/>
        <IsPartOfProject Value="True"/>
        <ComponentName Value="CEInfoWidget"/>
        <HasResources Value="True"/>
        <ResourceBaseClass Value="Form"/>
      </Unit38>
      <Unit39>
        <Filename Value="..\src\ce_dubproject.pas"/>
        <IsPartOfProject Value="True"/>
      </Unit39>
      <Unit40>
        <Filename Value="..\src\ce_dialogs.pas"/>
        <IsPartOfProject Value="True"/>
      </Unit40>
      <Unit41>
        <Filename Value="..\src\ce_dubprojeditor.pas"/>
        <IsPartOfProject Value="True"/>
        <ComponentName Value="CEDubProjectEditorWidget"/>
        <HasResources Value="True"/>
        <ResourceBaseClass Value="Form"/>
      </Unit41>
      <Unit42>
        <Filename Value="..\src\ce_gdb.pas"/>
        <IsPartOfProject Value="True"/>
        <ComponentName Value="CEGdbWidget"/>
        <HasResources Value="True"/>
        <ResourceBaseClass Value="Form"/>
      </Unit42>
      <Unit43>
        <Filename Value="..\src\ce_controls.pas"/>
        <IsPartOfProject Value="True"/>
      </Unit43>
      <Unit44>
        <Filename Value="..\src\ce_dfmt.pas"/>
        <IsPartOfProject Value="True"/>
        <ComponentName Value="CEDfmtWidget"/>
        <HasResources Value="True"/>
        <ResourceBaseClass Value="Form"/>
      </Unit44>
      <Unit45>
        <Filename Value="..\src\ce_lcldragdrop.pas"/>
        <IsPartOfProject Value="True"/>
      </Unit45>
      <Unit46>
        <Filename Value="..\src\ce_stringrange.pas"/>
        <IsPartOfProject Value="True"/>
      </Unit46>
      <Unit47>
        <Filename Value="..\src\ce_dlangmaps.pas"/>
        <IsPartOfProject Value="True"/>
      </Unit47>
      <Unit48>
        <Filename Value="..\src\ce_projgroup.pas"/>
        <IsPartOfProject Value="True"/>
        <ComponentName Value="CEProjectGroupWidget"/>
        <HasResources Value="True"/>
        <ResourceBaseClass Value="Form"/>
      </Unit48>
      <Unit49>
        <Filename Value="..\src\ce_projutils.pas"/>
        <IsPartOfProject Value="True"/>
      </Unit49>
      <Unit50>
        <Filename Value="..\src\ce_d2synpresets.pas"/>
        <IsPartOfProject Value="True"/>
      </Unit50>
      <Unit51>
        <Filename Value="..\src\ce_dastworx.pas"/>
        <IsPartOfProject Value="True"/>
      </Unit51>
      <Unit52>
        <Filename Value="..\src\ce_dbgitf.pas"/>
        <IsPartOfProject Value="True"/>
      </Unit52>
      <Unit53>
        <Filename Value="..\src\ce_ddemangle.pas"/>
        <IsPartOfProject Value="True"/>
      </Unit53>
      <Unit54>
        <Filename Value="..\src\ce_compilers.pas"/>
        <IsPartOfProject Value="True"/>
        <ComponentName Value="CompilersPathsEditor"/>
        <HasResources Value="True"/>
        <ResourceBaseClass Value="Form"/>
      </Unit54>
      <Unit55>
        <Filename Value="..\src\ce_halstead.pas"/>
        <IsPartOfProject Value="True"/>
      </Unit55>
    </Units>
  </ProjectOptions>
  <CompilerOptions>
    <Version Value="11"/>
    <PathDelim Value="\"/>
    <Target>
      <Filename Value="..\bin\coedit"/>
    </Target>
    <SearchPaths>
      <IncludeFiles Value="$(ProjOutDir)"/>
      <OtherUnitFiles Value="..\src"/>
      <UnitOutputDirectory Value="lib\$(TargetCPU)-$(TargetOS)"/>
    </SearchPaths>
    <CodeGeneration>
      <SmartLinkUnit Value="True"/>
      <Optimizations>
        <OptimizationLevel Value="3"/>
      </Optimizations>
    </CodeGeneration>
    <Linking>
      <Debugging>
        <GenerateDebugInfo Value="False"/>
      </Debugging>
      <LinkSmart Value="True"/>
      <Options>
        <Win32>
          <GraphicApplication Value="True"/>
        </Win32>
      </Options>
    </Linking>
    <Other>
      <Verbosity>
        <ShowHints Value="False"/>
      </Verbosity>
      <CompilerMessages>
        <IgnoredMessages idx5024="True"/>
      </CompilerMessages>
      <CustomOptions Value="-dRELEASE"/>
    </Other>
  </CompilerOptions>
  <Debugging>
    <Exceptions Count="3">
      <Item1>
        <Name Value="EAbort"/>
      </Item1>
      <Item2>
        <Name Value="ECodetoolError"/>
      </Item2>
      <Item3>
        <Name Value="EFOpenError"/>
      </Item3>
    </Exceptions>
  </Debugging>
</CONFIG>
