<?xml version="1.0" encoding="UTF-8"?>
<CONFIG>
  <ProjectOptions>
    <Version Value="10"/>
    <PathDelim Value="\"/>
    <General>
      <SessionStorage Value="InProjectDir"/>
      <MainUnit Value="0"/>
      <Title Value="coedit"/>
      <ResourceType Value="res"/>
      <UseXPManifest Value="True"/>
      <XPManifest>
        <DpiAware Value="True/PM"/>
      </XPManifest>
      <Icon Value="0"/>
      <Resources Count="294">
        <Resource_0 FileName="../icons/arrow/arrow_divide.png" Type="RCDATA" ResourceName="ARROW_DIVIDE"/>
        <Resource_1 FileName="../icons/arrow/arrow_divide24.png" Type="RCDATA" ResourceName="ARROW_DIVIDE24"/>
        <Resource_2 FileName="../icons/arrow/arrow_divide32.png" Type="RCDATA" ResourceName="ARROW_DIVIDE32"/>
        <Resource_3 FileName="../icons/arrow/arrow_join.png" Type="RCDATA" ResourceName="ARROW_JOIN"/>
        <Resource_4 FileName="../icons/arrow/arrow_join24.png" Type="RCDATA" ResourceName="ARROW_JOIN24"/>
        <Resource_5 FileName="../icons/arrow/arrow_join32.png" Type="RCDATA" ResourceName="ARROW_JOIN32"/>
        <Resource_6 FileName="../icons/arrow/arrow_pen.png" Type="RCDATA" ResourceName="ARROW_PEN"/>
        <Resource_7 FileName="../icons/arrow/arrow_redo.png" Type="RCDATA" ResourceName="ARROW_REDO"/>
        <Resource_8 FileName="../icons/arrow/arrow_redo24.png" Type="RCDATA" ResourceName="ARROW_REDO24"/>
        <Resource_9 FileName="../icons/arrow/arrow_redo32.png" Type="RCDATA" ResourceName="ARROW_REDO32"/>
        <Resource_10 FileName="../icons/arrow/arrow_shoe.png" Type="RCDATA" ResourceName="ARROW_SHOE"/>
        <Resource_11 FileName="../icons/arrow/arrow_undo.png" Type="RCDATA" ResourceName="ARROW_UNDO"/>
        <Resource_12 FileName="../icons/arrow/arrow_undo24.png" Type="RCDATA" ResourceName="ARROW_UNDO24"/>
        <Resource_13 FileName="../icons/arrow/arrow_undo32.png" Type="RCDATA" ResourceName="ARROW_UNDO32"/>
        <Resource_14 FileName="../icons/arrow/arrow_update.png" Type="RCDATA" ResourceName="ARROW_UPDATE"/>
        <Resource_15 FileName="../icons/arrow/arrow_update24.png" Type="RCDATA" ResourceName="ARROW_UPDATE24"/>
        <Resource_16 FileName="../icons/arrow/arrow_update32.png" Type="RCDATA" ResourceName="ARROW_UPDATE32"/>
        <Resource_17 FileName="../icons/arrow/go_down.png" Type="RCDATA" ResourceName="GO_DOWN"/>
        <Resource_18 FileName="../icons/arrow/go_down24.png" Type="RCDATA" ResourceName="GO_DOWN24"/>
        <Resource_19 FileName="../icons/arrow/go_down32.png" Type="RCDATA" ResourceName="GO_DOWN32"/>
        <Resource_20 FileName="../icons/arrow/go_jump.png" Type="RCDATA" ResourceName="GO_JUMP"/>
        <Resource_21 FileName="../icons/arrow/go_jump24.png" Type="RCDATA" ResourceName="GO_JUMP24"/>
        <Resource_22 FileName="../icons/arrow/go_jump32.png" Type="RCDATA" ResourceName="GO_JUMP32"/>
        <Resource_23 FileName="../icons/arrow/go_next.png" Type="RCDATA" ResourceName="GO_NEXT"/>
        <Resource_24 FileName="../icons/arrow/go_next24.png" Type="RCDATA" ResourceName="GO_NEXT24"/>
        <Resource_25 FileName="../icons/arrow/go_next32.png" Type="RCDATA" ResourceName="GO_NEXT32"/>
        <Resource_26 FileName="../icons/arrow/go_previous.png" Type="RCDATA" ResourceName="GO_PREVIOUS"/>
        <Resource_27 FileName="../icons/arrow/go_previous24.png" Type="RCDATA" ResourceName="GO_PREVIOUS24"/>
        <Resource_28 FileName="../icons/arrow/go_previous32.png" Type="RCDATA" ResourceName="GO_PREVIOUS32"/>
        <Resource_29 FileName="../icons/arrow/go_up.png" Type="RCDATA" ResourceName="GO_UP"/>
        <Resource_30 FileName="../icons/arrow/go_up24.png" Type="RCDATA" ResourceName="GO_UP24"/>
        <Resource_31 FileName="../icons/arrow/go_up32.png" Type="RCDATA" ResourceName="GO_UP32"/>
        <Resource_32 FileName="../icons/book/book.png" Type="RCDATA" ResourceName="BOOK"/>
        <Resource_33 FileName="../icons/book/book24.png" Type="RCDATA" ResourceName="BOOK24"/>
        <Resource_34 FileName="../icons/book/book32.png" Type="RCDATA" ResourceName="BOOK32"/>
        <Resource_35 FileName="../icons/book/book_add.png" Type="RCDATA" ResourceName="BOOK_ADD"/>
        <Resource_36 FileName="../icons/book/book_add24.png" Type="RCDATA" ResourceName="BOOK_ADD24"/>
        <Resource_37 FileName="../icons/book/book_add32.png" Type="RCDATA" ResourceName="BOOK_ADD32"/>
        <Resource_38 FileName="../icons/book/book_delete.png" Type="RCDATA" ResourceName="BOOK_DELETE"/>
        <Resource_39 FileName="../icons/book/book_delete24.png" Type="RCDATA" ResourceName="BOOK_DELETE24"/>
        <Resource_40 FileName="../icons/book/book_delete32.png" Type="RCDATA" ResourceName="BOOK_DELETE32"/>
        <Resource_41 FileName="../icons/book/book_edit.png" Type="RCDATA" ResourceName="BOOK_EDIT"/>
        <Resource_42 FileName="../icons/book/book_edit24.png" Type="RCDATA" ResourceName="BOOK_EDIT24"/>
        <Resource_43 FileName="../icons/book/book_edit32.png" Type="RCDATA" ResourceName="BOOK_EDIT32"/>
        <Resource_44 FileName="../icons/book/book_gey24.png" Type="RCDATA" ResourceName="BOOK_GEY24"/>
        <Resource_45 FileName="../icons/book/book_gey32.png" Type="RCDATA" ResourceName="BOOK_GEY32"/>
        <Resource_46 FileName="../icons/book/book_grey.png" Type="RCDATA" ResourceName="BOOK_GREY"/>
        <Resource_47 FileName="../icons/book/book_link.png" Type="RCDATA" ResourceName="BOOK_LINK"/>
        <Resource_48 FileName="../icons/book/book_link24.png" Type="RCDATA" ResourceName="BOOK_LINK24"/>
        <Resource_49 FileName="../icons/book/book_link32.png" Type="RCDATA" ResourceName="BOOK_LINK32"/>
        <Resource_50 FileName="../icons/book/book_open.png" Type="RCDATA" ResourceName="BOOK_OPEN"/>
        <Resource_51 FileName="../icons/book/book_open24.png" Type="RCDATA" ResourceName="BOOK_OPEN24"/>
        <Resource_52 FileName="../icons/book/book_open32.png" Type="RCDATA" ResourceName="BOOK_OPEN32"/>
        <Resource_53 FileName="../icons/bullet/bullet_black.png" Type="RCDATA" ResourceName="BULLET_BLACK"/>
        <Resource_54 FileName="../icons/bullet/bullet_black24.png" Type="RCDATA" ResourceName="BULLET_BLACK24"/>
        <Resource_55 FileName="../icons/bullet/bullet_black32.png" Type="RCDATA" ResourceName="BULLET_BLACK32"/>
        <Resource_56 FileName="../icons/bullet/bullet_blue.png" Type="RCDATA" ResourceName="BULLET_BLUE"/>
        <Resource_57 FileName="../icons/bullet/bullet_blue24.png" Type="RCDATA" ResourceName="BULLET_BLUE24"/>
        <Resource_58 FileName="../icons/bullet/bullet_blue32.png" Type="RCDATA" ResourceName="BULLET_BLUE32"/>
        <Resource_59 FileName="../icons/bullet/bullet_green.png" Type="RCDATA" ResourceName="BULLET_GREEN"/>
        <Resource_60 FileName="../icons/bullet/bullet_green24.png" Type="RCDATA" ResourceName="BULLET_GREEN24"/>
        <Resource_61 FileName="../icons/bullet/bullet_green32.png" Type="RCDATA" ResourceName="BULLET_GREEN32"/>
        <Resource_62 FileName="../icons/bullet/bullet_orange.png" Type="RCDATA" ResourceName="BULLET_ORANGE"/>
        <Resource_63 FileName="../icons/bullet/bullet_orange24.png" Type="RCDATA" ResourceName="BULLET_ORANGE24"/>
        <Resource_64 FileName="../icons/bullet/bullet_orange32.png" Type="RCDATA" ResourceName="BULLET_ORANGE32"/>
        <Resource_65 FileName="../icons/bullet/bullet_pink.png" Type="RCDATA" ResourceName="BULLET_PINK"/>
        <Resource_66 FileName="../icons/bullet/bullet_pink24.png" Type="RCDATA" ResourceName="BULLET_PINK24"/>
        <Resource_67 FileName="../icons/bullet/bullet_pink32.png" Type="RCDATA" ResourceName="BULLET_PINK32"/>
        <Resource_68 FileName="../icons/bullet/bullet_purple.png" Type="RCDATA" ResourceName="BULLET_PURPLE"/>
        <Resource_69 FileName="../icons/bullet/bullet_purple24.png" Type="RCDATA" ResourceName="BULLET_PURPLE24"/>
        <Resource_70 FileName="../icons/bullet/bullet_purple32.png" Type="RCDATA" ResourceName="BULLET_PURPLE32"/>
        <Resource_71 FileName="../icons/bullet/bullet_red.png" Type="RCDATA" ResourceName="BULLET_RED"/>
        <Resource_72 FileName="../icons/bullet/bullet_red24.png" Type="RCDATA" ResourceName="BULLET_RED24"/>
        <Resource_73 FileName="../icons/bullet/bullet_red32.png" Type="RCDATA" ResourceName="BULLET_RED32"/>
        <Resource_74 FileName="../icons/bullet/bullet_star.png" Type="RCDATA" ResourceName="BULLET_STAR"/>
        <Resource_75 FileName="../icons/bullet/bullet_star24.png" Type="RCDATA" ResourceName="BULLET_STAR24"/>
        <Resource_76 FileName="../icons/bullet/bullet_star32.png" Type="RCDATA" ResourceName="BULLET_STAR32"/>
        <Resource_77 FileName="../icons/bullet/bullet_yellow.png" Type="RCDATA" ResourceName="BULLET_YELLOW"/>
        <Resource_78 FileName="../icons/bullet/bullet_yellow24.png" Type="RCDATA" ResourceName="BULLET_YELLOW24"/>
        <Resource_79 FileName="../icons/bullet/bullet_yellow32.png" Type="RCDATA" ResourceName="BULLET_YELLOW32"/>
        <Resource_80 FileName="../icons/cog/cog.png" Type="RCDATA" ResourceName="COG"/>
        <Resource_81 FileName="../icons/cog/cog24.png" Type="RCDATA" ResourceName="COG24"/>
        <Resource_82 FileName="../icons/cog/cog32.png" Type="RCDATA" ResourceName="COG32"/>
        <Resource_83 FileName="../icons/cog/cog_add.png" Type="RCDATA" ResourceName="COG_ADD"/>
        <Resource_84 FileName="../icons/cog/cog_add24.png" Type="RCDATA" ResourceName="COG_ADD24"/>
        <Resource_85 FileName="../icons/cog/cog_add32.png" Type="RCDATA" ResourceName="COG_ADD32"/>
        <Resource_86 FileName="../icons/cog/cog_delete.png" Type="RCDATA" ResourceName="COG_DELETE"/>
        <Resource_87 FileName="../icons/cog/cog_delete24.png" Type="RCDATA" ResourceName="COG_DELETE24"/>
        <Resource_88 FileName="../icons/cog/cog_delete32.png" Type="RCDATA" ResourceName="COG_DELETE32"/>
        <Resource_89 FileName="../icons/cog/cog_edit.png" Type="RCDATA" ResourceName="COG_EDIT"/>
        <Resource_90 FileName="../icons/cog/cog_edit24.png" Type="RCDATA" ResourceName="COG_EDIT24"/>
        <Resource_91 FileName="../icons/cog/cog_edit32.png" Type="RCDATA" ResourceName="COG_EDIT32"/>
        <Resource_92 FileName="../icons/cog/cog_go.png" Type="RCDATA" ResourceName="COG_GO"/>
        <Resource_93 FileName="../icons/cog/cog_go24.png" Type="RCDATA" ResourceName="COG_GO24"/>
        <Resource_94 FileName="../icons/cog/cog_go32.png" Type="RCDATA" ResourceName="COG_GO32"/>
        <Resource_95 FileName="../icons/cog/wrench.png" Type="RCDATA" ResourceName="WRENCH"/>
        <Resource_96 FileName="../icons/cog/wrench24.png" Type="RCDATA" ResourceName="WRENCH24"/>
        <Resource_97 FileName="../icons/cog/wrench32.png" Type="RCDATA" ResourceName="WRENCH32"/>
        <Resource_98 FileName="../icons/cog/wrench_orange.png" Type="RCDATA" ResourceName="WRENCH_ORANGE"/>
        <Resource_99 FileName="../icons/cog/wrench_orange24.png" Type="RCDATA" ResourceName="WRENCH_ORANGE24"/>
        <Resource_100 FileName="../icons/cog/wrench_orange32.png" Type="RCDATA" ResourceName="WRENCH_ORANGE32"/>
        <Resource_101 FileName="../icons/disk/disk.png" Type="RCDATA" ResourceName="DISK"/>
        <Resource_102 FileName="../icons/disk/disk24.png" Type="RCDATA" ResourceName="DISK24"/>
        <Resource_103 FileName="../icons/disk/disk32.png" Type="RCDATA" ResourceName="DISK32"/>
        <Resource_104 FileName="../icons/disk/disk_multiple.png" Type="RCDATA" ResourceName="DISK_MULTIPLE"/>
        <Resource_105 FileName="../icons/disk/disk_multiple24.png" Type="RCDATA" ResourceName="DISK_MULTIPLE24"/>
        <Resource_106 FileName="../icons/disk/disk_multiple32.png" Type="RCDATA" ResourceName="DISK_MULTIPLE32"/>
        <Resource_107 FileName="../icons/disk/disk_pen.png" Type="RCDATA" ResourceName="DISK_PEN"/>
        <Resource_108 FileName="../icons/disk/disk_pen24.png" Type="RCDATA" ResourceName="DISK_PEN24"/>
        <Resource_109 FileName="../icons/disk/disk_pen32.png" Type="RCDATA" ResourceName="DISK_PEN32"/>
        <Resource_110 FileName="../icons/file/document_add.png" Type="RCDATA" ResourceName="DOCUMENT_ADD"/>
        <Resource_111 FileName="../icons/file/document_add24.png" Type="RCDATA" ResourceName="DOCUMENT_ADD24"/>
        <Resource_112 FileName="../icons/file/document_add32.png" Type="RCDATA" ResourceName="DOCUMENT_ADD32"/>
        <Resource_113 FileName="../icons/file/document_all.png" Type="RCDATA" ResourceName="DOCUMENT_ALL"/>
        <Resource_114 FileName="../icons/file/document_all24.png" Type="RCDATA" ResourceName="DOCUMENT_ALL24"/>
        <Resource_115 FileName="../icons/file/document_all32.png" Type="RCDATA" ResourceName="DOCUMENT_ALL32"/>
        <Resource_116 FileName="../icons/file/document_back.png" Type="RCDATA" ResourceName="DOCUMENT_BACK"/>
        <Resource_117 FileName="../icons/file/document_back24.png" Type="RCDATA" ResourceName="DOCUMENT_BACK24"/>
        <Resource_118 FileName="../icons/file/document_back32.png" Type="RCDATA" ResourceName="DOCUMENT_BACK32"/>
        <Resource_119 FileName="../icons/file/document_delete.png" Type="RCDATA" ResourceName="DOCUMENT_DELETE"/>
        <Resource_120 FileName="../icons/file/document_delete24.png" Type="RCDATA" ResourceName="DOCUMENT_DELETE24"/>
        <Resource_121 FileName="../icons/file/document_delete32.png" Type="RCDATA" ResourceName="DOCUMENT_DELETE32"/>
        <Resource_122 FileName="../icons/file/document_next.png" Type="RCDATA" ResourceName="DOCUMENT_NEXT"/>
        <Resource_123 FileName="../icons/file/document_next24.png" Type="RCDATA" ResourceName="DOCUMENT_NEXT24"/>
        <Resource_124 FileName="../icons/file/document_next32.png" Type="RCDATA" ResourceName="DOCUMENT_NEXT32"/>
        <Resource_125 FileName="../icons/file/document_plus.png" Type="RCDATA" ResourceName="DOCUMENT_PLUS"/>
        <Resource_126 FileName="../icons/file/document_plus24.png" Type="RCDATA" ResourceName="DOCUMENT_PLUS24"/>
        <Resource_127 FileName="../icons/file/document_plus32.png" Type="RCDATA" ResourceName="DOCUMENT_PLUS32"/>
        <Resource_128 FileName="../icons/file/script_gear.png" Type="RCDATA" ResourceName="SCRIPT_GEAR"/>
        <Resource_129 FileName="../icons/file/script_gear24.png" Type="RCDATA" ResourceName="SCRIPT_GEAR24"/>
        <Resource_130 FileName="../icons/file/script_gear32.png" Type="RCDATA" ResourceName="SCRIPT_GEAR32"/>
        <Resource_131 FileName="../icons/folder/folder.png" Type="RCDATA" ResourceName="FOLDER"/>
        <Resource_132 FileName="../icons/folder/folder24.png" Type="RCDATA" ResourceName="FOLDER24"/>
        <Resource_133 FileName="../icons/folder/folder32.png" Type="RCDATA" ResourceName="FOLDER32"/>
        <Resource_134 FileName="../icons/folder/folder_add.png" Type="RCDATA" ResourceName="FOLDER_ADD"/>
        <Resource_135 FileName="../icons/folder/folder_add24.png" Type="RCDATA" ResourceName="FOLDER_ADD24"/>
        <Resource_136 FileName="../icons/folder/folder_add32.png" Type="RCDATA" ResourceName="FOLDER_ADD32"/>
        <Resource_137 FileName="../icons/folder/folder_brick.png" Type="RCDATA" ResourceName="FOLDER_BRICK"/>
        <Resource_138 FileName="../icons/folder/folder_brick24.png" Type="RCDATA" ResourceName="FOLDER_BRICK24"/>
        <Resource_139 FileName="../icons/folder/folder_brick32.png" Type="RCDATA" ResourceName="FOLDER_BRICK32"/>
        <Resource_140 FileName="../icons/folder/folder_delete.png" Type="RCDATA" ResourceName="FOLDER_DELETE"/>
        <Resource_141 FileName="../icons/folder/folder_delete24.png" Type="RCDATA" ResourceName="FOLDER_DELETE24"/>
        <Resource_142 FileName="../icons/folder/folder_delete32.png" Type="RCDATA" ResourceName="FOLDER_DELETE32"/>
        <Resource_143 FileName="../icons/folder/folder_go.png" Type="RCDATA" ResourceName="FOLDER_GO"/>
        <Resource_144 FileName="../icons/folder/folder_go24.png" Type="RCDATA" ResourceName="FOLDER_GO24"/>
        <Resource_145 FileName="../icons/folder/folder_go32.png" Type="RCDATA" ResourceName="FOLDER_GO32"/>
        <Resource_146 FileName="../icons/folder/folder_star.png" Type="RCDATA" ResourceName="FOLDER_STAR"/>
        <Resource_147 FileName="../icons/folder/folder_star24.png" Type="RCDATA" ResourceName="FOLDER_STAR24"/>
        <Resource_148 FileName="../icons/folder/folder_star32.png" Type="RCDATA" ResourceName="FOLDER_STAR32"/>
        <Resource_149 FileName="../icons/link/link.png" Type="RCDATA" ResourceName="LINK"/>
        <Resource_150 FileName="../icons/link/link24.png" Type="RCDATA" ResourceName="LINK24"/>
        <Resource_151 FileName="../icons/link/link32.png" Type="RCDATA" ResourceName="LINK32"/>
        <Resource_152 FileName="../icons/link/link_break.png" Type="RCDATA" ResourceName="LINK_BREAK"/>
        <Resource_153 FileName="../icons/link/link_break24.png" Type="RCDATA" ResourceName="LINK_BREAK24"/>
        <Resource_154 FileName="../icons/link/link_break32.png" Type="RCDATA" ResourceName="LINK_BREAK32"/>
        <Resource_155 FileName="../icons/link/link_edit.png" Type="RCDATA" ResourceName="LINK_EDIT"/>
        <Resource_156 FileName="../icons/link/link_edit24.png" Type="RCDATA" ResourceName="LINK_EDIT24"/>
        <Resource_157 FileName="../icons/link/link_edit32.png" Type="RCDATA" ResourceName="LINK_EDIT32"/>
        <Resource_158 FileName="../icons/other/accept.png" Type="RCDATA" ResourceName="ACCEPT"/>
        <Resource_159 FileName="../icons/other/accept24.png" Type="RCDATA" ResourceName="ACCEPT24"/>
        <Resource_160 FileName="../icons/other/accept32.png" Type="RCDATA" ResourceName="ACCEPT32"/>
        <Resource_161 FileName="../icons/other/break_reached.png" Type="RCDATA" ResourceName="BREAK_REACHED"/>
        <Resource_162 FileName="../icons/other/break_set.png" Type="RCDATA" ResourceName="BREAK_SET"/>
        <Resource_163 FileName="../icons/other/bricks.png" Type="RCDATA" ResourceName="BRICKS"/>
        <Resource_164 FileName="../icons/other/bricks24.png" Type="RCDATA" ResourceName="BRICKS24"/>
        <Resource_165 FileName="../icons/other/bricks32.png" Type="RCDATA" ResourceName="BRICKS32"/>
        <Resource_166 FileName="../icons/other/camera_add.png" Type="RCDATA" ResourceName="CAMERA_ADD"/>
        <Resource_167 FileName="../icons/other/camera_add24.png" Type="RCDATA" ResourceName="CAMERA_ADD24"/>
        <Resource_168 FileName="../icons/other/camera_add32.png" Type="RCDATA" ResourceName="CAMERA_ADD32"/>
        <Resource_169 FileName="../icons/other/camera_go.png" Type="RCDATA" ResourceName="CAMERA_GO"/>
        <Resource_170 FileName="../icons/other/camera_go24.png" Type="RCDATA" ResourceName="CAMERA_GO24"/>
        <Resource_171 FileName="../icons/other/camera_go32.png" Type="RCDATA" ResourceName="CAMERA_GO32"/>
        <Resource_172 FileName="../icons/other/cancel.png" Type="RCDATA" ResourceName="CANCEL"/>
        <Resource_173 FileName="../icons/other/case.png" Type="RCDATA" ResourceName="CASE"/>
        <Resource_174 FileName="../icons/other/case24.png" Type="RCDATA" ResourceName="CASE24"/>
        <Resource_175 FileName="../icons/other/case32.png" Type="RCDATA" ResourceName="CASE32"/>
        <Resource_176 FileName="../icons/other/clean.png" Type="RCDATA" ResourceName="CLEAN"/>
        <Resource_177 FileName="../icons/other/copy.png" Type="RCDATA" ResourceName="COPY"/>
        <Resource_178 FileName="../icons/other/copy24.png" Type="RCDATA" ResourceName="COPY24"/>
        <Resource_179 FileName="../icons/other/copy32.png" Type="RCDATA" ResourceName="COPY32"/>
        <Resource_180 FileName="../icons/other/cut.png" Type="RCDATA" ResourceName="CUT"/>
        <Resource_181 FileName="../icons/other/cut24.png" Type="RCDATA" ResourceName="CUT24"/>
        <Resource_182 FileName="../icons/other/cut32.png" Type="RCDATA" ResourceName="CUT32"/>
        <Resource_183 FileName="../icons/other/debugger_inspect.png" Type="RCDATA" ResourceName="DEBUGGER_INSPECT"/>
        <Resource_184 FileName="../icons/other/dub.png" Type="RCDATA" ResourceName="DUB"/>
        <Resource_185 FileName="../icons/other/dub24.png" Type="RCDATA" ResourceName="DUB24"/>
        <Resource_186 FileName="../icons/other/dub32.png" Type="RCDATA" ResourceName="DUB32"/>
        <Resource_187 FileName="../icons/other/flash.png" Type="RCDATA" ResourceName="FLASH"/>
        <Resource_188 FileName="../icons/other/flash24.png" Type="RCDATA" ResourceName="FLASH24"/>
        <Resource_189 FileName="../icons/other/flash32.png" Type="RCDATA" ResourceName="FLASH32"/>
        <Resource_190 FileName="../icons/other/information.png" Type="RCDATA" ResourceName="INFORMATION"/>
        <Resource_191 FileName="../icons/other/information24.png" Type="RCDATA" ResourceName="INFORMATION24"/>
        <Resource_192 FileName="../icons/other/information32.png" Type="RCDATA" ResourceName="INFORMATION32"/>
        <Resource_193 FileName="../icons/other/keyboard_pencil.png" Type="RCDATA" ResourceName="KEYBOARD_PENCIL"/>
        <Resource_194 FileName="../icons/other/list.png" Type="RCDATA" ResourceName="LIST"/>
        <Resource_195 FileName="../icons/other/package_add.png" Type="RCDATA" ResourceName="PACKAGE_ADD"/>
        <Resource_196 FileName="../icons/other/package_add24.png" Type="RCDATA" ResourceName="PACKAGE_ADD24"/>
        <Resource_197 FileName="../icons/other/package_add32.png" Type="RCDATA" ResourceName="PACKAGE_ADD32"/>
        <Resource_198 FileName="../icons/other/package_delete.png" Type="RCDATA" ResourceName="PACKAGE_DELETE"/>
        <Resource_199 FileName="../icons/other/package_delete24.png" Type="RCDATA" ResourceName="PACKAGE_DELETE24"/>
        <Resource_200 FileName="../icons/other/package_delete32.png" Type="RCDATA" ResourceName="PACKAGE_DELETE32"/>
        <Resource_201 FileName="../icons/other/paste.png" Type="RCDATA" ResourceName="PASTE"/>
        <Resource_202 FileName="../icons/other/paste24.png" Type="RCDATA" ResourceName="PASTE24"/>
        <Resource_203 FileName="../icons/other/paste32.png" Type="RCDATA" ResourceName="PASTE32"/>
        <Resource_204 FileName="../icons/other/pause.png" Type="RCDATA" ResourceName="PAUSE"/>
        <Resource_205 FileName="../icons/other/pause24.png" Type="RCDATA" ResourceName="PAUSE24"/>
        <Resource_206 FileName="../icons/other/pause32.png" Type="RCDATA" ResourceName="PAUSE32"/>
        <Resource_207 FileName="../icons/other/pencil.png" Type="RCDATA" ResourceName="PENCIL"/>
        <Resource_208 FileName="../icons/other/pencil24.png" Type="RCDATA" ResourceName="PENCIL24"/>
        <Resource_209 FileName="../icons/other/pencil32.png" Type="RCDATA" ResourceName="PENCIL32"/>
        <Resource_210 FileName="../icons/other/pencil_delete.png" Type="RCDATA" ResourceName="PENCIL_DELETE"/>
        <Resource_211 FileName="../icons/other/pencil_delete24.png" Type="RCDATA" ResourceName="PENCIL_DELETE24"/>
        <Resource_212 FileName="../icons/other/pencil_delete32.png" Type="RCDATA" ResourceName="PENCIL_DELETE32"/>
        <Resource_213 FileName="../icons/other/pencil_go.png" Type="RCDATA" ResourceName="PENCIL_GO"/>
        <Resource_214 FileName="../icons/other/pencil_go24.png" Type="RCDATA" ResourceName="PENCIL_GO24"/>
        <Resource_215 FileName="../icons/other/pencil_go32.png" Type="RCDATA" ResourceName="PENCIL_GO32"/>
        <Resource_216 FileName="../icons/other/play.png" Type="RCDATA" ResourceName="PLAY"/>
        <Resource_217 FileName="../icons/other/play24.png" Type="RCDATA" ResourceName="PLAY24"/>
        <Resource_218 FileName="../icons/other/play32.png" Type="RCDATA" ResourceName="PLAY32"/>
        <Resource_219 FileName="../icons/other/power.png" Type="RCDATA" ResourceName="POWER"/>
        <Resource_220 FileName="../icons/other/power24.png" Type="RCDATA" ResourceName="POWER24"/>
        <Resource_221 FileName="../icons/other/power32.png" Type="RCDATA" ResourceName="POWER32"/>
        <Resource_222 FileName="../icons/other/processor.png" Type="RCDATA" ResourceName="PROCESSOR"/>
        <Resource_223 FileName="../icons/other/processor24.png" Type="RCDATA" ResourceName="PROCESSOR24"/>
        <Resource_224 FileName="../icons/other/processor32.png" Type="RCDATA" ResourceName="PROCESSOR32"/>
        <Resource_225 FileName="../icons/other/script_bricks.png" Type="RCDATA" ResourceName="SCRIPT_BRICKS"/>
        <Resource_226 FileName="../icons/other/script_bricks24.png" Type="RCDATA" ResourceName="SCRIPT_BRICKS24"/>
        <Resource_227 FileName="../icons/other/script_bricks32.png" Type="RCDATA" ResourceName="SCRIPT_BRICKS32"/>
        <Resource_228 FileName="../icons/other/sort_az.png" Type="RCDATA" ResourceName="SORT_AZ"/>
        <Resource_229 FileName="../icons/other/sort_az24.png" Type="RCDATA" ResourceName="SORT_AZ24"/>
        <Resource_230 FileName="../icons/other/sort_az32.png" Type="RCDATA" ResourceName="SORT_AZ32"/>
        <Resource_231 FileName="../icons/other/splitter.png" Type="RCDATA" ResourceName="SPLITTER"/>
        <Resource_232 FileName="../icons/other/splitter24.png" Type="RCDATA" ResourceName="SPLITTER24"/>
        <Resource_233 FileName="../icons/other/splitter32.png" Type="RCDATA" ResourceName="SPLITTER32"/>
        <Resource_234 FileName="../icons/other/step.png" Type="RCDATA" ResourceName="STEP"/>
        <Resource_235 FileName="../icons/other/step24.png" Type="RCDATA" ResourceName="STEP24"/>
        <Resource_236 FileName="../icons/other/step32.png" Type="RCDATA" ResourceName="STEP32"/>
        <Resource_237 FileName="../icons/other/stop.png" Type="RCDATA" ResourceName="STOP"/>
        <Resource_238 FileName="../icons/other/tag_purple.png" Type="RCDATA" ResourceName="TAG_PURPLE"/>
        <Resource_239 FileName="../icons/other/textfield_add.png" Type="RCDATA" ResourceName="TEXTFIELD_ADD"/>
        <Resource_240 FileName="../icons/other/textfield_add24.png" Type="RCDATA" ResourceName="TEXTFIELD_ADD24"/>
        <Resource_241 FileName="../icons/other/textfield_add32.png" Type="RCDATA" ResourceName="TEXTFIELD_ADD32"/>
        <Resource_242 FileName="../icons/other/textfield_delete.png" Type="RCDATA" ResourceName="TEXTFIELD_DELETE"/>
        <Resource_243 FileName="../icons/other/textfield_delete24.png" Type="RCDATA" ResourceName="TEXTFIELD_DELETE24"/>
        <Resource_244 FileName="../icons/other/textfield_delete32.png" Type="RCDATA" ResourceName="TEXTFIELD_DELETE32"/>
        <Resource_245 FileName="../icons/other/tree_list.png" Type="RCDATA" ResourceName="TREE_LIST"/>
        <Resource_246 FileName="../icons/other/tree_list24.png" Type="RCDATA" ResourceName="TREE_LIST24"/>
        <Resource_247 FileName="../icons/other/tree_list32.png" Type="RCDATA" ResourceName="TREE_LIST32"/>
        <Resource_248 FileName="../icons/other/warning.png" Type="RCDATA" ResourceName="WARNING"/>
        <Resource_249 FileName="../icons/other/warning24.png" Type="RCDATA" ResourceName="WARNING24"/>
        <Resource_250 FileName="../icons/other/warning32.png" Type="RCDATA" ResourceName="WARNING32"/>
        <Resource_251 FileName="../icons/window/application.png" Type="RCDATA" ResourceName="APPLICATION"/>
        <Resource_252 FileName="../icons/window/application24.png" Type="RCDATA" ResourceName="APPLICATION24"/>
        <Resource_253 FileName="../icons/window/application32.png" Type="RCDATA" ResourceName="APPLICATION32"/>
        <Resource_254 FileName="../icons/window/application_add.png" Type="RCDATA" ResourceName="APPLICATION_ADD"/>
        <Resource_255 FileName="../icons/window/application_add24.png" Type="RCDATA" ResourceName="APPLICATION_ADD24"/>
        <Resource_256 FileName="../icons/window/application_add32.png" Type="RCDATA" ResourceName="APPLICATION_ADD32"/>
        <Resource_257 FileName="../icons/window/application_delete.png" Type="RCDATA" ResourceName="APPLICATION_DELETE"/>
        <Resource_258 FileName="../icons/window/application_delete24.png" Type="RCDATA" ResourceName="APPLICATION_DELETE24"/>
        <Resource_259 FileName="../icons/window/application_delete32.png" Type="RCDATA" ResourceName="APPLICATION_DELETE32"/>
        <Resource_260 FileName="../icons/window/application_double.png" Type="RCDATA" ResourceName="APPLICATION_DOUBLE"/>
        <Resource_261 FileName="../icons/window/application_double24.png" Type="RCDATA" ResourceName="APPLICATION_DOUBLE24"/>
        <Resource_262 FileName="../icons/window/application_double32.png" Type="RCDATA" ResourceName="APPLICATION_DOUBLE32"/>
        <Resource_263 FileName="../icons/window/application_edit.png" Type="RCDATA" ResourceName="APPLICATION_EDIT"/>
        <Resource_264 FileName="../icons/window/application_edit24.png" Type="RCDATA" ResourceName="APPLICATION_EDIT24"/>
        <Resource_265 FileName="../icons/window/application_edit32.png" Type="RCDATA" ResourceName="APPLICATION_EDIT32"/>
        <Resource_266 FileName="../icons/window/application_flash.png" Type="RCDATA" ResourceName="APPLICATION_FLASH"/>
        <Resource_267 FileName="../icons/window/application_flash24.png" Type="RCDATA" ResourceName="APPLICATION_FLASH24"/>
        <Resource_268 FileName="../icons/window/application_flash32.png" Type="RCDATA" ResourceName="APPLICATION_FLASH32"/>
        <Resource_269 FileName="../icons/window/application_go.png" Type="RCDATA" ResourceName="APPLICATION_GO"/>
        <Resource_270 FileName="../icons/window/application_go24.png" Type="RCDATA" ResourceName="APPLICATION_GO24"/>
        <Resource_271 FileName="../icons/window/application_go32.png" Type="RCDATA" ResourceName="APPLICATION_GO32"/>
        <Resource_272 FileName="../icons/window/layout.png" Type="RCDATA" ResourceName="LAYOUT"/>
        <Resource_273 FileName="../icons/window/layout24.png" Type="RCDATA" ResourceName="LAYOUT24"/>
        <Resource_274 FileName="../icons/window/layout32.png" Type="RCDATA" ResourceName="LAYOUT32"/>
        <Resource_275 FileName="../icons/window/layout_add.png" Type="RCDATA" ResourceName="LAYOUT_ADD"/>
        <Resource_276 FileName="../icons/window/layout_add24.png" Type="RCDATA" ResourceName="LAYOUT_ADD24"/>
        <Resource_277 FileName="../icons/window/layout_add32.png" Type="RCDATA" ResourceName="LAYOUT_ADD32"/>
        <Resource_278 FileName="../icons/window/watch_window.png" Type="RCDATA" ResourceName="WATCH_WINDOW"/>
        <Resource_279 FileName="../icons/window/watch_window24.png" Type="RCDATA" ResourceName="WATCH_WINDOW24"/>
        <Resource_280 FileName="../icons/window/watch_window32.png" Type="RCDATA" ResourceName="WATCH_WINDOW32"/>
        <Resource_281 FileName="../cesetup/version.txt" Type="RCDATA" ResourceName="VERSION"/>
        <Resource_282 FileName="../icons/other/cancel24.png" Type="RCDATA" ResourceName="CANCEL24"/>
        <Resource_283 FileName="../icons/other/cancel32.png" Type="RCDATA" ResourceName="CANCEL32"/>
        <Resource_284 FileName="../icons/other/warn_red.png" Type="RCDATA" ResourceName="WARN_RED"/>
        <Resource_285 FileName="../icons/other/warn_red24.png" Type="RCDATA" ResourceName="WARN_RED24"/>
        <Resource_286 FileName="../icons/other/warn_red32.png" Type="RCDATA" ResourceName="WARN_RED32"/>
        <Resource_287 FileName="../icons/file/document.png" Type="RCDATA" ResourceName="DOCUMENT"/>
        <Resource_288 FileName="../icons/file/document24.png" Type="RCDATA" ResourceName="DOCUMENT24"/>
        <Resource_289 FileName="../icons/file/document32.png" Type="RCDATA" ResourceName="DOCUMENT32"/>
        <Resource_290 FileName="../icons/other/clean24.png" Type="RCDATA" ResourceName="CLEAN24"/>
        <Resource_291 FileName="../icons/other/clean32.png" Type="RCDATA" ResourceName="CLEAN32"/>
        <Resource_292 FileName="../icons/other/stop24.png" Type="RCDATA" ResourceName="STOP24"/>
        <Resource_293 FileName="../icons/other/stop32.png" Type="RCDATA" ResourceName="STOP32"/>
      </Resources>
    </General>
    <i18n>
      <EnableI18N LFM="False"/>
    </i18n>
    <BuildModes Count="3">
      <Item1 Name="Release" Default="True"/>
      <Item2 Name="Debug">
        <CompilerOptions>
          <Version Value="11"/>
          <PathDelim Value="\"/>
          <Target>
            <Filename Value="..\bin\coedit"/>
          </Target>
          <SearchPaths>
            <IncludeFiles Value="$(ProjOutDir)"/>
            <OtherUnitFiles Value="..\src;..\etc\fcl-json\src"/>
            <UnitOutputDirectory Value="lib\$(TargetCPU)-$(TargetOS)"/>
          </SearchPaths>
          <Parsing>
            <SyntaxOptions>
              <IncludeAssertionCode Value="True"/>
              <CPPInline Value="False"/>
            </SyntaxOptions>
          </Parsing>
          <CodeGeneration>
            <Checks>
              <IOChecks Value="True"/>
              <RangeChecks Value="True"/>
              <OverflowChecks Value="True"/>
              <StackChecks Value="True"/>
            </Checks>
            <Optimizations>
              <OptimizationLevel Value="0"/>
            </Optimizations>
          </CodeGeneration>
          <Linking>
            <Debugging>
              <UseHeaptrc Value="True"/>
            </Debugging>
          </Linking>
          <Other>
            <CompilerMessages>
              <IgnoredMessages idx5024="True"/>
            </CompilerMessages>
            <CustomOptions Value="-dDEBUG"/>
            <OtherDefines Count="2">
              <Define0 Value="RELEASE"/>
              <Define1 Value="GTK_REMOVE_CLIPBOARD_NULL"/>
            </OtherDefines>
          </Other>
        </CompilerOptions>
      </Item2>
      <Item3 Name="LeaksCheck">
        <CompilerOptions>
          <Version Value="11"/>
          <PathDelim Value="\"/>
          <Target>
            <Filename Value="..\bin\coedit"/>
          </Target>
          <SearchPaths>
            <IncludeFiles Value="$(ProjOutDir)"/>
            <OtherUnitFiles Value="..\src;..\etc\fcl-json\src"/>
            <UnitOutputDirectory Value="lib\$(TargetCPU)-$(TargetOS)"/>
          </SearchPaths>
          <Parsing>
            <SyntaxOptions>
              <IncludeAssertionCode Value="True"/>
              <CPPInline Value="False"/>
            </SyntaxOptions>
          </Parsing>
          <CodeGeneration>
            <Checks>
              <IOChecks Value="True"/>
              <RangeChecks Value="True"/>
              <OverflowChecks Value="True"/>
              <StackChecks Value="True"/>
            </Checks>
            <Optimizations>
              <OptimizationLevel Value="0"/>
            </Optimizations>
          </CodeGeneration>
          <Linking>
            <Debugging>
              <UseHeaptrc Value="True"/>
            </Debugging>
            <Options>
              <Win32>
                <GraphicApplication Value="True"/>
              </Win32>
            </Options>
          </Linking>
          <Other>
            <CustomOptions Value="-dDEBUG"/>
          </Other>
        </CompilerOptions>
      </Item3>
    </BuildModes>
    <PublishOptions>
      <Version Value="2"/>
    </PublishOptions>
    <RunParams>
      <local>
        <FormatVersion Value="1"/>
      </local>
    </RunParams>
    <RequiredPackages Count="8">
      <Item1>
        <PackageName Value="TAChartLazarusPkg"/>
      </Item1>
      <Item2>
        <PackageName Value="cedsgncontrols"/>
      </Item2>
      <Item3>
        <PackageName Value="anchordocking"/>
      </Item3>
      <Item4>
        <PackageName Value="FCL"/>
      </Item4>
      <Item5>
        <PackageName Value="RunTimeTypeInfoControls"/>
      </Item5>
      <Item6>
        <PackageName Value="SynEdit"/>
      </Item6>
      <Item7>
        <PackageName Value="LazControls"/>
      </Item7>
      <Item8>
        <PackageName Value="LCL"/>
      </Item8>
    </RequiredPackages>
    <Units Count="59">
      <Unit0>
        <Filename Value="coedit.lpr"/>
        <IsPartOfProject Value="True"/>
      </Unit0>
      <Unit1>
        <Filename Value="..\src\ce_common.pas"/>
        <IsPartOfProject Value="True"/>
      </Unit1>
      <Unit2>
        <Filename Value="..\src\ce_d2syn.pas"/>
        <IsPartOfProject Value="True"/>
      </Unit2>
      <Unit3>
        <Filename Value="..\src\ce_dcd.pas"/>
        <IsPartOfProject Value="True"/>
      </Unit3>
      <Unit4>
        <Filename Value="..\src\ce_dlang.pas"/>
        <IsPartOfProject Value="True"/>
      </Unit4>
      <Unit5>
        <Filename Value="..\src\ce_dlangutils.pas"/>
        <IsPartOfProject Value="True"/>
      </Unit5>
      <Unit6>
        <Filename Value="..\src\ce_dmdwrap.pas"/>
        <IsPartOfProject Value="True"/>
      </Unit6>
      <Unit7>
        <Filename Value="..\src\ce_dockoptions.pas"/>
        <IsPartOfProject Value="True"/>
      </Unit7>
      <Unit8>
        <Filename Value="..\src\ce_editor.pas"/>
        <IsPartOfProject Value="True"/>
        <ComponentName Value="CEEditorWidget"/>
        <HasResources Value="True"/>
        <ResourceBaseClass Value="Form"/>
      </Unit8>
      <Unit9>
        <Filename Value="..\src\ce_editoroptions.pas"/>
        <IsPartOfProject Value="True"/>
      </Unit9>
      <Unit10>
        <Filename Value="..\src\ce_inspectors.pas"/>
        <IsPartOfProject Value="True"/>
      </Unit10>
      <Unit11>
        <Filename Value="..\src\ce_interfaces.pas"/>
        <IsPartOfProject Value="True"/>
      </Unit11>
      <Unit12>
        <Filename Value="..\src\ce_libman.pas"/>
        <IsPartOfProject Value="True"/>
      </Unit12>
      <Unit13>
        <Filename Value="..\src\ce_libmaneditor.pas"/>
        <IsPartOfProject Value="True"/>
        <ComponentName Value="CELibManEditorWidget"/>
        <HasResources Value="True"/>
        <ResourceBaseClass Value="Form"/>
      </Unit13>
      <Unit14>
        <Filename Value="..\src\ce_main.pas"/>
        <IsPartOfProject Value="True"/>
        <ComponentName Value="CEMainForm"/>
        <HasResources Value="True"/>
        <ResourceBaseClass Value="Form"/>
      </Unit14>
      <Unit15>
        <Filename Value="..\src\ce_messages.pas"/>
        <IsPartOfProject Value="True"/>
        <ComponentName Value="CEMessagesWidget"/>
        <HasResources Value="True"/>
        <ResourceBaseClass Value="Form"/>
      </Unit15>
      <Unit16>
        <Filename Value="..\src\ce_miniexplorer.pas"/>
        <IsPartOfProject Value="True"/>
        <ComponentName Value="CEMiniExplorerWidget"/>
        <HasResources Value="True"/>
        <ResourceBaseClass Value="Form"/>
      </Unit16>
      <Unit17>
        <Filename Value="..\src\ce_mru.pas"/>
        <IsPartOfProject Value="True"/>
      </Unit17>
      <Unit18>
        <Filename Value="..\src\ce_observer.pas"/>
        <IsPartOfProject Value="True"/>
      </Unit18>
      <Unit19>
        <Filename Value="..\src\ce_optionseditor.pas"/>
        <IsPartOfProject Value="True"/>
        <ComponentName Value="CEOptionEditorWidget"/>
        <HasResources Value="True"/>
        <ResourceBaseClass Value="Form"/>
      </Unit19>
      <Unit20>
        <Filename Value="..\src\ce_procinput.pas"/>
        <IsPartOfProject Value="True"/>
        <ComponentName Value="CEProcInputWidget"/>
        <HasResources Value="True"/>
        <ResourceBaseClass Value="Form"/>
      </Unit20>
      <Unit21>
        <Filename Value="..\src\ce_ceprojeditor.pas"/>
        <IsPartOfProject Value="True"/>
        <ComponentName Value="CEProjectConfigurationWidget"/>
        <HasResources Value="True"/>
        <ResourceBaseClass Value="Form"/>
      </Unit21>
      <Unit22>
        <Filename Value="..\src\ce_ceproject.pas"/>
        <IsPartOfProject Value="True"/>
      </Unit22>
      <Unit23>
        <Filename Value="..\src\ce_projinspect.pas"/>
        <IsPartOfProject Value="True"/>
        <ComponentName Value="CEProjectInspectWidget"/>
        <HasResources Value="True"/>
        <ResourceBaseClass Value="Form"/>
      </Unit23>
      <Unit24>
        <Filename Value="..\src\ce_search.pas"/>
        <IsPartOfProject Value="True"/>
        <ComponentName Value="CESearchWidget"/>
        <HasResources Value="True"/>
        <ResourceBaseClass Value="Form"/>
      </Unit24>
      <Unit25>
        <Filename Value="..\src\ce_shortcutseditor.pas"/>
        <IsPartOfProject Value="True"/>
        <ComponentName Value="CEShortcutEditor"/>
        <HasResources Value="True"/>
        <ResourceBaseClass Value="Frame"/>
      </Unit25>
      <Unit26>
        <Filename Value="..\src\ce_staticmacro.pas"/>
        <IsPartOfProject Value="True"/>
      </Unit26>
      <Unit27>
        <Filename Value="..\src\ce_symlist.pas"/>
        <IsPartOfProject Value="True"/>
        <ComponentName Value="CESymbolListWidget"/>
        <HasResources Value="True"/>
        <ResourceBaseClass Value="Form"/>
      </Unit27>
      <Unit28>
        <Filename Value="..\src\ce_symstring.pas"/>
        <IsPartOfProject Value="True"/>
      </Unit28>
      <Unit29>
        <Filename Value="..\src\ce_synmemo.pas"/>
        <IsPartOfProject Value="True"/>
      </Unit29>
      <Unit30>
        <Filename Value="..\src\ce_todolist.pas"/>
        <IsPartOfProject Value="True"/>
        <ComponentName Value="CETodoListWidget"/>
        <HasResources Value="True"/>
        <ResourceBaseClass Value="Form"/>
      </Unit30>
      <Unit31>
        <Filename Value="..\src\ce_tools.pas"/>
        <IsPartOfProject Value="True"/>
      </Unit31>
      <Unit32>
        <Filename Value="..\src\ce_toolseditor.pas"/>
        <IsPartOfProject Value="True"/>
        <ComponentName Value="CEToolsEditorWidget"/>
        <HasResources Value="True"/>
        <ResourceBaseClass Value="Form"/>
      </Unit32>
      <Unit33>
        <Filename Value="..\src\ce_txtsyn.pas"/>
        <IsPartOfProject Value="True"/>
      </Unit33>
      <Unit34>
        <Filename Value="..\src\ce_writablecomponent.pas"/>
        <IsPartOfProject Value="True"/>
        <UnitName Value="ce_writableComponent"/>
      </Unit34>
      <Unit35>
        <Filename Value="..\src\ce_sharedres.pas"/>
        <IsPartOfProject Value="True"/>
      </Unit35>
      <Unit36>
        <Filename Value="..\src\ce_widget.pas"/>
        <IsPartOfProject Value="True"/>
        <ComponentName Value="CEWidget"/>
        <HasResources Value="True"/>
        <ResourceBaseClass Value="Form"/>
      </Unit36>
      <Unit37>
        <Filename Value="..\src\ce_processes.pas"/>
        <IsPartOfProject Value="True"/>
      </Unit37>
      <Unit38>
        <Filename Value="..\src\ce_infos.pas"/>
        <IsPartOfProject Value="True"/>
        <ComponentName Value="CEInfoWidget"/>
        <HasResources Value="True"/>
        <ResourceBaseClass Value="Form"/>
      </Unit38>
      <Unit39>
        <Filename Value="..\src\ce_dubproject.pas"/>
        <IsPartOfProject Value="True"/>
      </Unit39>
      <Unit40>
        <Filename Value="..\src\ce_dialogs.pas"/>
        <IsPartOfProject Value="True"/>
      </Unit40>
      <Unit41>
        <Filename Value="..\src\ce_dubprojeditor.pas"/>
        <IsPartOfProject Value="True"/>
        <ComponentName Value="CEDubProjectEditorWidget"/>
        <HasResources Value="True"/>
        <ResourceBaseClass Value="Form"/>
      </Unit41>
      <Unit42>
        <Filename Value="..\src\ce_gdb.pas"/>
        <IsPartOfProject Value="True"/>
        <ComponentName Value="CEGdbWidget"/>
        <HasResources Value="True"/>
        <ResourceBaseClass Value="Form"/>
      </Unit42>
      <Unit43>
        <Filename Value="..\src\ce_controls.pas"/>
        <IsPartOfProject Value="True"/>
      </Unit43>
      <Unit44>
        <Filename Value="..\src\ce_dfmt.pas"/>
        <IsPartOfProject Value="True"/>
        <ComponentName Value="CEDfmtWidget"/>
        <HasResources Value="True"/>
        <ResourceBaseClass Value="Form"/>
      </Unit44>
      <Unit45>
        <Filename Value="..\src\ce_lcldragdrop.pas"/>
        <IsPartOfProject Value="True"/>
      </Unit45>
      <Unit46>
        <Filename Value="..\src\ce_stringrange.pas"/>
        <IsPartOfProject Value="True"/>
      </Unit46>
      <Unit47>
        <Filename Value="..\src\ce_dlangmaps.pas"/>
        <IsPartOfProject Value="True"/>
      </Unit47>
      <Unit48>
        <Filename Value="..\src\ce_projgroup.pas"/>
        <IsPartOfProject Value="True"/>
        <ComponentName Value="CEProjectGroupWidget"/>
        <HasResources Value="True"/>
        <ResourceBaseClass Value="Form"/>
      </Unit48>
      <Unit49>
        <Filename Value="..\src\ce_projutils.pas"/>
        <IsPartOfProject Value="True"/>
      </Unit49>
      <Unit50>
        <Filename Value="..\src\ce_d2synpresets.pas"/>
        <IsPartOfProject Value="True"/>
      </Unit50>
      <Unit51>
        <Filename Value="..\src\ce_dastworx.pas"/>
        <IsPartOfProject Value="True"/>
      </Unit51>
      <Unit52>
        <Filename Value="..\src\ce_dbgitf.pas"/>
        <IsPartOfProject Value="True"/>
      </Unit52>
      <Unit53>
        <Filename Value="..\src\ce_ddemangle.pas"/>
        <IsPartOfProject Value="True"/>
      </Unit53>
      <Unit54>
        <Filename Value="..\src\ce_compilers.pas"/>
        <IsPartOfProject Value="True"/>
        <ComponentName Value="CompilersPathsEditor"/>
        <HasResources Value="True"/>
        <ResourceBaseClass Value="Form"/>
      </Unit54>
      <Unit55>
        <Filename Value="..\src\ce_halstead.pas"/>
        <IsPartOfProject Value="True"/>
      </Unit55>
      <Unit56>
        <Filename Value="..\src\ce_diff.pas"/>
        <IsPartOfProject Value="True"/>
        <ComponentName Value="CEDiffViewer"/>
        <HasResources Value="True"/>
        <ResourceBaseClass Value="Form"/>
      </Unit56>
      <Unit57>
        <Filename Value="..\src\ce_profileviewer.pas"/>
        <IsPartOfProject Value="True"/>
        <ComponentName Value="CEProfileViewerWidget"/>
        <HasResources Value="True"/>
        <ResourceBaseClass Value="Form"/>
      </Unit57>
      <Unit58>
        <Filename Value="..\src\ce_semver.pas"/>
        <IsPartOfProject Value="True"/>
      </Unit58>
    </Units>
  </ProjectOptions>
  <CompilerOptions>
    <Version Value="11"/>
    <PathDelim Value="\"/>
    <Target>
      <Filename Value="..\bin\coedit"/>
    </Target>
    <SearchPaths>
      <IncludeFiles Value="$(ProjOutDir)"/>
      <OtherUnitFiles Value="..\src"/>
      <UnitOutputDirectory Value="lib\$(TargetCPU)-$(TargetOS)"/>
    </SearchPaths>
    <CodeGeneration>
      <SmartLinkUnit Value="True"/>
      <Optimizations>
        <OptimizationLevel Value="3"/>
      </Optimizations>
    </CodeGeneration>
    <Linking>
      <Debugging>
        <GenerateDebugInfo Value="False"/>
      </Debugging>
      <LinkSmart Value="True"/>
      <Options>
        <Win32>
          <GraphicApplication Value="True"/>
        </Win32>
      </Options>
    </Linking>
    <Other>
      <Verbosity>
        <ShowHints Value="False"/>
      </Verbosity>
      <CompilerMessages>
        <IgnoredMessages idx5024="True"/>
      </CompilerMessages>
      <CustomOptions Value="-dRELEASE
-dGTK_REMOVE_CLIPBOARD_NULL"/>
      <OtherDefines Count="2">
        <Define0 Value="RELEASE"/>
        <Define1 Value="GTK_REMOVE_CLIPBOARD_NULL"/>
      </OtherDefines>
    </Other>
  </CompilerOptions>
  <Debugging>
    <Exceptions Count="3">
      <Item1>
        <Name Value="EAbort"/>
      </Item1>
      <Item2>
        <Name Value="ECodetoolError"/>
      </Item2>
      <Item3>
        <Name Value="EFOpenError"/>
      </Item3>
    </Exceptions>
  </Debugging>
</CONFIG>
